
Microsoft Visual Studio Solution File, Format Version 12.00
# Visual Studio Version 17
VisualStudioVersion = 17.3.32811.315
MinimumVisualStudioVersion = 10.0.40219.1
Project("{9A19103F-16F7-4668-BE54-9A1E7A4F7556}") = "FinalProjectAPI_Pokemon", "FinalProjectAPI_Pokemon\FinalProjectAPI_Pokemon.csproj", "{1E083555-967E-45C9-AD64-AF6F363EB451}"
EndProject
Project("{FAE04EC0-301F-11D3-BF4B-00C04F79EFBC}") = "FinalProjectConsoleApp", "FinalProjectConsoleApp\FinalProjectConsoleApp.csproj", "{863F402B-ECCA-467B-B361-1CC6882B0973}"
EndProject
Global
	GlobalSection(SolutionConfigurationPlatforms) = preSolution
		Debug|Any CPU = Debug|Any CPU
		Release|Any CPU = Release|Any CPU
	EndGlobalSection
	GlobalSection(ProjectConfigurationPlatforms) = postSolution
		{1E083555-967E-45C9-AD64-AF6F363EB451}.Debug|Any CPU.ActiveCfg = Debug|Any CPU
		{1E083555-967E-45C9-AD64-AF6F363EB451}.Debug|Any CPU.Build.0 = Debug|Any CPU
		{1E083555-967E-45C9-AD64-AF6F363EB451}.Release|Any CPU.ActiveCfg = Release|Any CPU
		{1E083555-967E-45C9-AD64-AF6F363EB451}.Release|Any CPU.Build.0 = Release|Any CPU
		{863F402B-ECCA-467B-B361-1CC6882B0973}.Debug|Any CPU.ActiveCfg = Debug|Any CPU
		{863F402B-ECCA-467B-B361-1CC6882B0973}.Debug|Any CPU.Build.0 = Debug|Any CPU
		{863F402B-ECCA-467B-B361-1CC6882B0973}.Release|Any CPU.ActiveCfg = Release|Any CPU
		{863F402B-ECCA-467B-B361-1CC6882B0973}.Release|Any CPU.Build.0 = Release|Any CPU
	EndGlobalSection
	GlobalSection(SolutionProperties) = preSolution
		HideSolutionNode = FALSE
	EndGlobalSection
	GlobalSection(ExtensibilityGlobals) = postSolution
		SolutionGuid = {29DFBE3C-9832-446D-8DF6-B927F13516F6}
	EndGlobalSection
EndGlobal
